
Microsoft Visual Studio Solution File, Format Version 12.00
# Visual Studio 2012
Project("{FAE04EC0-301F-11D3-BF4B-00C04F79EFBC}") = "shareyourstory.net", "shareyourstory.net\shareyourstory.net.csproj", "{62B340AB-3076-4F80-B428-6B213CC9DCE2}"
EndProject
Project("{FAE04EC0-301F-11D3-BF4B-00C04F79EFBC}") = "shareurstorydb", "shareurstorydb\shareurstorydb.csproj", "{848B8F2D-C8A9-48D5-8B64-2F67CD724B16}"
EndProject
Global
	GlobalSection(SolutionConfigurationPlatforms) = preSolution
		Debug|Any CPU = Debug|Any CPU
		Release|Any CPU = Release|Any CPU
	EndGlobalSection
	GlobalSection(ProjectConfigurationPlatforms) = postSolution
		{62B340AB-3076-4F80-B428-6B213CC9DCE2}.Debug|Any CPU.ActiveCfg = Debug|Any CPU
		{62B340AB-3076-4F80-B428-6B213CC9DCE2}.Debug|Any CPU.Build.0 = Debug|Any CPU
		{62B340AB-3076-4F80-B428-6B213CC9DCE2}.Release|Any CPU.ActiveCfg = Release|Any CPU
		{62B340AB-3076-4F80-B428-6B213CC9DCE2}.Release|Any CPU.Build.0 = Release|Any CPU
		{848B8F2D-C8A9-48D5-8B64-2F67CD724B16}.Debug|Any CPU.ActiveCfg = Debug|Any CPU
		{848B8F2D-C8A9-48D5-8B64-2F67CD724B16}.Debug|Any CPU.Build.0 = Debug|Any CPU
		{848B8F2D-C8A9-48D5-8B64-2F67CD724B16}.Release|Any CPU.ActiveCfg = Release|Any CPU
		{848B8F2D-C8A9-48D5-8B64-2F67CD724B16}.Release|Any CPU.Build.0 = Release|Any CPU
	EndGlobalSection
	GlobalSection(SolutionProperties) = preSolution
		HideSolutionNode = FALSE
	EndGlobalSection
EndGlobal
